
Microsoft Visual Studio Solution File, Format Version 12.00
# Visual Studio Version 17
VisualStudioVersion = 17.8.34330.188
MinimumVisualStudioVersion = 10.0.40219.1
Project("{2150E333-8FDC-42A3-9474-1A3956D46DE8}") = "Tests", "Tests", "{072DE8E0-B860-440F-9270-8313180B6F7D}"
EndProject
Project("{2150E333-8FDC-42A3-9474-1A3956D46DE8}") = "Infrastructure", "Infrastructure", "{DCBE1805-A2C8-4C19-A2F2-FACFD412A37A}"
EndProject
Project("{2150E333-8FDC-42A3-9474-1A3956D46DE8}") = "Core", "Core", "{3AF53BEA-A7F1-41D0-BBDC-76CFB52564B5}"
EndProject
Project("{9A19103F-16F7-4668-BE54-9A1E7A4F7556}") = "GeoEnjoy.Application", "src\Core\GeoEnjoy.Application\GeoEnjoy.Application.csproj", "{1F6B307D-CB2E-4029-B3EB-982FE9423737}"
EndProject
Project("{9A19103F-16F7-4668-BE54-9A1E7A4F7556}") = "GeoEnjoy.Domain", "src\Core\GeoEnjoy.Domain\GeoEnjoy.Domain.csproj", "{DB301459-115F-473C-BA2B-212F95A26664}"
EndProject
Project("{9A19103F-16F7-4668-BE54-9A1E7A4F7556}") = "GeoEnjoy.BlobStorage.MinIO", "src\Infrastructure\GeoEnjoy.BlobStorage.MinIO\GeoEnjoy.BlobStorage.MinIO.csproj", "{2922A6B9-63BA-43F1-9B10-4D51D422052D}"
EndProject
Project("{9A19103F-16F7-4668-BE54-9A1E7A4F7556}") = "GeoEnjoy.Mapping", "src\Infrastructure\GeoEnjoy.Mapping\GeoEnjoy.Mapping.csproj", "{6293E1F2-33D5-45ED-ACF0-A47560D32DDB}"
EndProject
Project("{9A19103F-16F7-4668-BE54-9A1E7A4F7556}") = "GeoEnjoy.Application.Tests", "tests\GeoEnjoy.Application.Tests\GeoEnjoy.Application.Tests.csproj", "{9CD58A13-B24A-4D1D-8841-AFA314E2A6DD}"
EndProject
Project("{9A19103F-16F7-4668-BE54-9A1E7A4F7556}") = "GeoEnjoy.WebApi", "src\GeoEnjoy.WebApi\GeoEnjoy.WebApi.csproj", "{20B55CE5-D64C-4E3F-985E-9E6BCBB9500A}"
EndProject
Project("{9A19103F-16F7-4668-BE54-9A1E7A4F7556}") = "GeoEnjoy.EntityFrameworkCore", "src\Infrastructure\GeoEnjoy.EntityFrameworkCore\GeoEnjoy.EntityFrameworkCore.csproj", "{585951BE-8094-4512-B0DE-94B8F35C6B43}"
EndProject
Project("{FAE04EC0-301F-11D3-BF4B-00C04F79EFBC}") = "GeoEnjoy.Globalization", "GeoEnjoy.Globalization\GeoEnjoy.Globalization.csproj", "{8DCA3CD1-5771-4CFC-863E-1347407A70E2}"
EndProject
Global
	GlobalSection(SolutionConfigurationPlatforms) = preSolution
		Debug|Any CPU = Debug|Any CPU
		Release|Any CPU = Release|Any CPU
	EndGlobalSection
	GlobalSection(ProjectConfigurationPlatforms) = postSolution
		{1F6B307D-CB2E-4029-B3EB-982FE9423737}.Debug|Any CPU.ActiveCfg = Debug|Any CPU
		{1F6B307D-CB2E-4029-B3EB-982FE9423737}.Debug|Any CPU.Build.0 = Debug|Any CPU
		{1F6B307D-CB2E-4029-B3EB-982FE9423737}.Release|Any CPU.ActiveCfg = Release|Any CPU
		{1F6B307D-CB2E-4029-B3EB-982FE9423737}.Release|Any CPU.Build.0 = Release|Any CPU
		{DB301459-115F-473C-BA2B-212F95A26664}.Debug|Any CPU.ActiveCfg = Debug|Any CPU
		{DB301459-115F-473C-BA2B-212F95A26664}.Debug|Any CPU.Build.0 = Debug|Any CPU
		{DB301459-115F-473C-BA2B-212F95A26664}.Release|Any CPU.ActiveCfg = Release|Any CPU
		{DB301459-115F-473C-BA2B-212F95A26664}.Release|Any CPU.Build.0 = Release|Any CPU
		{2922A6B9-63BA-43F1-9B10-4D51D422052D}.Debug|Any CPU.ActiveCfg = Debug|Any CPU
		{2922A6B9-63BA-43F1-9B10-4D51D422052D}.Debug|Any CPU.Build.0 = Debug|Any CPU
		{2922A6B9-63BA-43F1-9B10-4D51D422052D}.Release|Any CPU.ActiveCfg = Release|Any CPU
		{2922A6B9-63BA-43F1-9B10-4D51D422052D}.Release|Any CPU.Build.0 = Release|Any CPU
		{6293E1F2-33D5-45ED-ACF0-A47560D32DDB}.Debug|Any CPU.ActiveCfg = Debug|Any CPU
		{6293E1F2-33D5-45ED-ACF0-A47560D32DDB}.Debug|Any CPU.Build.0 = Debug|Any CPU
		{6293E1F2-33D5-45ED-ACF0-A47560D32DDB}.Release|Any CPU.ActiveCfg = Release|Any CPU
		{6293E1F2-33D5-45ED-ACF0-A47560D32DDB}.Release|Any CPU.Build.0 = Release|Any CPU
		{9CD58A13-B24A-4D1D-8841-AFA314E2A6DD}.Debug|Any CPU.ActiveCfg = Debug|Any CPU
		{9CD58A13-B24A-4D1D-8841-AFA314E2A6DD}.Debug|Any CPU.Build.0 = Debug|Any CPU
		{9CD58A13-B24A-4D1D-8841-AFA314E2A6DD}.Release|Any CPU.ActiveCfg = Release|Any CPU
		{9CD58A13-B24A-4D1D-8841-AFA314E2A6DD}.Release|Any CPU.Build.0 = Release|Any CPU
		{20B55CE5-D64C-4E3F-985E-9E6BCBB9500A}.Debug|Any CPU.ActiveCfg = Debug|Any CPU
		{20B55CE5-D64C-4E3F-985E-9E6BCBB9500A}.Debug|Any CPU.Build.0 = Debug|Any CPU
		{20B55CE5-D64C-4E3F-985E-9E6BCBB9500A}.Release|Any CPU.ActiveCfg = Release|Any CPU
		{20B55CE5-D64C-4E3F-985E-9E6BCBB9500A}.Release|Any CPU.Build.0 = Release|Any CPU
		{585951BE-8094-4512-B0DE-94B8F35C6B43}.Debug|Any CPU.ActiveCfg = Debug|Any CPU
		{585951BE-8094-4512-B0DE-94B8F35C6B43}.Debug|Any CPU.Build.0 = Debug|Any CPU
		{585951BE-8094-4512-B0DE-94B8F35C6B43}.Release|Any CPU.ActiveCfg = Release|Any CPU
		{585951BE-8094-4512-B0DE-94B8F35C6B43}.Release|Any CPU.Build.0 = Release|Any CPU
		{8DCA3CD1-5771-4CFC-863E-1347407A70E2}.Debug|Any CPU.ActiveCfg = Debug|Any CPU
		{8DCA3CD1-5771-4CFC-863E-1347407A70E2}.Debug|Any CPU.Build.0 = Debug|Any CPU
		{8DCA3CD1-5771-4CFC-863E-1347407A70E2}.Release|Any CPU.ActiveCfg = Release|Any CPU
		{8DCA3CD1-5771-4CFC-863E-1347407A70E2}.Release|Any CPU.Build.0 = Release|Any CPU
	EndGlobalSection
	GlobalSection(SolutionProperties) = preSolution
		HideSolutionNode = FALSE
	EndGlobalSection
	GlobalSection(NestedProjects) = preSolution
		{1F6B307D-CB2E-4029-B3EB-982FE9423737} = {3AF53BEA-A7F1-41D0-BBDC-76CFB52564B5}
		{DB301459-115F-473C-BA2B-212F95A26664} = {3AF53BEA-A7F1-41D0-BBDC-76CFB52564B5}
		{2922A6B9-63BA-43F1-9B10-4D51D422052D} = {DCBE1805-A2C8-4C19-A2F2-FACFD412A37A}
		{6293E1F2-33D5-45ED-ACF0-A47560D32DDB} = {DCBE1805-A2C8-4C19-A2F2-FACFD412A37A}
		{9CD58A13-B24A-4D1D-8841-AFA314E2A6DD} = {072DE8E0-B860-440F-9270-8313180B6F7D}
		{585951BE-8094-4512-B0DE-94B8F35C6B43} = {DCBE1805-A2C8-4C19-A2F2-FACFD412A37A}
		{8DCA3CD1-5771-4CFC-863E-1347407A70E2} = {3AF53BEA-A7F1-41D0-BBDC-76CFB52564B5}
	EndGlobalSection
	GlobalSection(ExtensibilityGlobals) = postSolution
		SolutionGuid = {49A28C7E-6230-4ED0-A6FB-32D1388A3BD7}
	EndGlobalSection
EndGlobal
