
Microsoft Visual Studio Solution File, Format Version 12.00
# Visual Studio Version 17
VisualStudioVersion = 17.8.34330.188
MinimumVisualStudioVersion = 10.0.40219.1
Project("{9A19103F-16F7-4668-BE54-9A1E7A4F7556}") = "GeoEnjoy.WebApi", "GeoEnjoy\GeoEnjoy.WebApi.csproj", "{A71C4705-DD11-498E-8986-1445EE0ED795}"
EndProject
Project("{9A19103F-16F7-4668-BE54-9A1E7A4F7556}") = "GeoEnjoy.Domain", "GeoEnjoy.Domain\GeoEnjoy.Domain.csproj", "{54139AD9-4831-4830-AF3C-ECA5316837F4}"
EndProject
Project("{9A19103F-16F7-4668-BE54-9A1E7A4F7556}") = "GeoEnjoy.Application", "GeoEnjoy.Application\GeoEnjoy.Application.csproj", "{1AB3D73B-735D-4134-A7B9-19FFFD9A6EDE}"
EndProject
Project("{9A19103F-16F7-4668-BE54-9A1E7A4F7556}") = "GeoEnjoy.Application.Tests", "GeoEnjoy.Application.Tests\GeoEnjoy.Application.Tests.csproj", "{6800215F-20CB-4A13-9C86-5BD430B5C53F}"
EndProject
Project("{9A19103F-16F7-4668-BE54-9A1E7A4F7556}") = "GeoEnjoy.BlobStorage.MinIO", "GeoEnjoy.BlobStorage.MinIO\GeoEnjoy.BlobStorage.MinIO.csproj", "{5A45C27D-4018-4CE8-B0FE-E7A22CFBA2C6}"
EndProject
Project("{FAE04EC0-301F-11D3-BF4B-00C04F79EFBC}") = "GeoEnjoy.Mapping", "GeoEnjoy.Infrastructure.Mapping\GeoEnjoy.Mapping.csproj", "{3F647E15-B84D-4AC4-A086-A28D8954BBE5}"
EndProject
Project("{2150E333-8FDC-42A3-9474-1A3956D46DE8}") = "Tests", "Tests", "{072DE8E0-B860-440F-9270-8313180B6F7D}"
EndProject
Project("{2150E333-8FDC-42A3-9474-1A3956D46DE8}") = "Infrastructure", "Infrastructure", "{DCBE1805-A2C8-4C19-A2F2-FACFD412A37A}"
EndProject
Project("{2150E333-8FDC-42A3-9474-1A3956D46DE8}") = "Core", "Core", "{3AF53BEA-A7F1-41D0-BBDC-76CFB52564B5}"
EndProject
Global
	GlobalSection(SolutionConfigurationPlatforms) = preSolution
		Debug|Any CPU = Debug|Any CPU
		Release|Any CPU = Release|Any CPU
	EndGlobalSection
	GlobalSection(ProjectConfigurationPlatforms) = postSolution
		{A71C4705-DD11-498E-8986-1445EE0ED795}.Debug|Any CPU.ActiveCfg = Debug|Any CPU
		{A71C4705-DD11-498E-8986-1445EE0ED795}.Debug|Any CPU.Build.0 = Debug|Any CPU
		{A71C4705-DD11-498E-8986-1445EE0ED795}.Release|Any CPU.ActiveCfg = Release|Any CPU
		{A71C4705-DD11-498E-8986-1445EE0ED795}.Release|Any CPU.Build.0 = Release|Any CPU
		{54139AD9-4831-4830-AF3C-ECA5316837F4}.Debug|Any CPU.ActiveCfg = Debug|Any CPU
		{54139AD9-4831-4830-AF3C-ECA5316837F4}.Debug|Any CPU.Build.0 = Debug|Any CPU
		{54139AD9-4831-4830-AF3C-ECA5316837F4}.Release|Any CPU.ActiveCfg = Release|Any CPU
		{54139AD9-4831-4830-AF3C-ECA5316837F4}.Release|Any CPU.Build.0 = Release|Any CPU
		{1AB3D73B-735D-4134-A7B9-19FFFD9A6EDE}.Debug|Any CPU.ActiveCfg = Debug|Any CPU
		{1AB3D73B-735D-4134-A7B9-19FFFD9A6EDE}.Debug|Any CPU.Build.0 = Debug|Any CPU
		{1AB3D73B-735D-4134-A7B9-19FFFD9A6EDE}.Release|Any CPU.ActiveCfg = Release|Any CPU
		{1AB3D73B-735D-4134-A7B9-19FFFD9A6EDE}.Release|Any CPU.Build.0 = Release|Any CPU
		{6800215F-20CB-4A13-9C86-5BD430B5C53F}.Debug|Any CPU.ActiveCfg = Debug|Any CPU
		{6800215F-20CB-4A13-9C86-5BD430B5C53F}.Debug|Any CPU.Build.0 = Debug|Any CPU
		{6800215F-20CB-4A13-9C86-5BD430B5C53F}.Release|Any CPU.ActiveCfg = Release|Any CPU
		{6800215F-20CB-4A13-9C86-5BD430B5C53F}.Release|Any CPU.Build.0 = Release|Any CPU
		{5A45C27D-4018-4CE8-B0FE-E7A22CFBA2C6}.Debug|Any CPU.ActiveCfg = Debug|Any CPU
		{5A45C27D-4018-4CE8-B0FE-E7A22CFBA2C6}.Debug|Any CPU.Build.0 = Debug|Any CPU
		{5A45C27D-4018-4CE8-B0FE-E7A22CFBA2C6}.Release|Any CPU.ActiveCfg = Release|Any CPU
		{5A45C27D-4018-4CE8-B0FE-E7A22CFBA2C6}.Release|Any CPU.Build.0 = Release|Any CPU
		{3F647E15-B84D-4AC4-A086-A28D8954BBE5}.Debug|Any CPU.ActiveCfg = Debug|Any CPU
		{3F647E15-B84D-4AC4-A086-A28D8954BBE5}.Debug|Any CPU.Build.0 = Debug|Any CPU
		{3F647E15-B84D-4AC4-A086-A28D8954BBE5}.Release|Any CPU.ActiveCfg = Release|Any CPU
		{3F647E15-B84D-4AC4-A086-A28D8954BBE5}.Release|Any CPU.Build.0 = Release|Any CPU
	EndGlobalSection
	GlobalSection(SolutionProperties) = preSolution
		HideSolutionNode = FALSE
	EndGlobalSection
	GlobalSection(NestedProjects) = preSolution
		{54139AD9-4831-4830-AF3C-ECA5316837F4} = {3AF53BEA-A7F1-41D0-BBDC-76CFB52564B5}
		{1AB3D73B-735D-4134-A7B9-19FFFD9A6EDE} = {3AF53BEA-A7F1-41D0-BBDC-76CFB52564B5}
		{6800215F-20CB-4A13-9C86-5BD430B5C53F} = {072DE8E0-B860-440F-9270-8313180B6F7D}
		{5A45C27D-4018-4CE8-B0FE-E7A22CFBA2C6} = {DCBE1805-A2C8-4C19-A2F2-FACFD412A37A}
		{3F647E15-B84D-4AC4-A086-A28D8954BBE5} = {DCBE1805-A2C8-4C19-A2F2-FACFD412A37A}
	EndGlobalSection
	GlobalSection(ExtensibilityGlobals) = postSolution
		SolutionGuid = {49A28C7E-6230-4ED0-A6FB-32D1388A3BD7}
	EndGlobalSection
EndGlobal
