
Microsoft Visual Studio Solution File, Format Version 12.00
# Visual Studio Version 17
VisualStudioVersion = 17.8.34330.188
MinimumVisualStudioVersion = 10.0.40219.1
Project("{2150E333-8FDC-42A3-9474-1A3956D46DE8}") = "Tests", "Tests", "{072DE8E0-B860-440F-9270-8313180B6F7D}"
EndProject
Project("{2150E333-8FDC-42A3-9474-1A3956D46DE8}") = "Infrastructure", "Infrastructure", "{DCBE1805-A2C8-4C19-A2F2-FACFD412A37A}"
EndProject
Project("{2150E333-8FDC-42A3-9474-1A3956D46DE8}") = "Core", "Core", "{3AF53BEA-A7F1-41D0-BBDC-76CFB52564B5}"
EndProject
Project("{9A19103F-16F7-4668-BE54-9A1E7A4F7556}") = "GeoEnjoy.Application", "Core\GeoEnjoy.Application\GeoEnjoy.Application.csproj", "{ADB0BD10-20BB-4682-8833-50530E9CBBCC}"
EndProject
Project("{9A19103F-16F7-4668-BE54-9A1E7A4F7556}") = "GeoEnjoy.Domain", "Core\GeoEnjoy.Domain\GeoEnjoy.Domain.csproj", "{5B853EE0-E4D3-46E6-876C-55984C59FAA3}"
EndProject
Project("{9A19103F-16F7-4668-BE54-9A1E7A4F7556}") = "GeoEnjoy.BlobStorage.MinIO", "Infrastructure\GeoEnjoy.BlobStorage.MinIO\GeoEnjoy.BlobStorage.MinIO.csproj", "{63B6EBA2-D166-46BA-B1D7-30FD0BBE9579}"
EndProject
Project("{9A19103F-16F7-4668-BE54-9A1E7A4F7556}") = "GeoEnjoy.EntityFrameworkCore", "Infrastructure\GeoEnjoy.EntityFrameworkCore\GeoEnjoy.EntityFrameworkCore.csproj", "{1581BB27-4BAA-41D5-8E0B-5F78FF751F07}"
EndProject
Project("{9A19103F-16F7-4668-BE54-9A1E7A4F7556}") = "GeoEnjoy.Mapping", "Infrastructure\GeoEnjoy.Mapping\GeoEnjoy.Mapping.csproj", "{24E1D60B-B70B-4AD6-8395-E062F05C4839}"
EndProject
Project("{9A19103F-16F7-4668-BE54-9A1E7A4F7556}") = "GeoEnjoy.Application.Tests", "..\tests\GeoEnjoy.Application.Tests\GeoEnjoy.Application.Tests.csproj", "{B90BA46F-E24A-410F-86DE-6A2FD4565545}"
EndProject
Project("{9A19103F-16F7-4668-BE54-9A1E7A4F7556}") = "GeoEnjoy.WebApi", "GeoEnjoy.WebApi\GeoEnjoy.WebApi.csproj", "{E51EE93E-32A1-4695-8E58-642BF4289F10}"
EndProject
Project("{9A19103F-16F7-4668-BE54-9A1E7A4F7556}") = "GeoEnjoy.Globalization", "Core\GeoEnjoy.Globalization\GeoEnjoy.Globalization.csproj", "{56A8C261-90DB-4DC3-B90D-48E2BD7F1E70}"
EndProject
Global
	GlobalSection(SolutionConfigurationPlatforms) = preSolution
		Debug|Any CPU = Debug|Any CPU
		Release|Any CPU = Release|Any CPU
	EndGlobalSection
	GlobalSection(ProjectConfigurationPlatforms) = postSolution
		{ADB0BD10-20BB-4682-8833-50530E9CBBCC}.Debug|Any CPU.ActiveCfg = Debug|Any CPU
		{ADB0BD10-20BB-4682-8833-50530E9CBBCC}.Debug|Any CPU.Build.0 = Debug|Any CPU
		{ADB0BD10-20BB-4682-8833-50530E9CBBCC}.Release|Any CPU.ActiveCfg = Release|Any CPU
		{ADB0BD10-20BB-4682-8833-50530E9CBBCC}.Release|Any CPU.Build.0 = Release|Any CPU
		{5B853EE0-E4D3-46E6-876C-55984C59FAA3}.Debug|Any CPU.ActiveCfg = Debug|Any CPU
		{5B853EE0-E4D3-46E6-876C-55984C59FAA3}.Debug|Any CPU.Build.0 = Debug|Any CPU
		{5B853EE0-E4D3-46E6-876C-55984C59FAA3}.Release|Any CPU.ActiveCfg = Release|Any CPU
		{5B853EE0-E4D3-46E6-876C-55984C59FAA3}.Release|Any CPU.Build.0 = Release|Any CPU
		{63B6EBA2-D166-46BA-B1D7-30FD0BBE9579}.Debug|Any CPU.ActiveCfg = Debug|Any CPU
		{63B6EBA2-D166-46BA-B1D7-30FD0BBE9579}.Debug|Any CPU.Build.0 = Debug|Any CPU
		{63B6EBA2-D166-46BA-B1D7-30FD0BBE9579}.Release|Any CPU.ActiveCfg = Release|Any CPU
		{63B6EBA2-D166-46BA-B1D7-30FD0BBE9579}.Release|Any CPU.Build.0 = Release|Any CPU
		{1581BB27-4BAA-41D5-8E0B-5F78FF751F07}.Debug|Any CPU.ActiveCfg = Debug|Any CPU
		{1581BB27-4BAA-41D5-8E0B-5F78FF751F07}.Debug|Any CPU.Build.0 = Debug|Any CPU
		{1581BB27-4BAA-41D5-8E0B-5F78FF751F07}.Release|Any CPU.ActiveCfg = Release|Any CPU
		{1581BB27-4BAA-41D5-8E0B-5F78FF751F07}.Release|Any CPU.Build.0 = Release|Any CPU
		{24E1D60B-B70B-4AD6-8395-E062F05C4839}.Debug|Any CPU.ActiveCfg = Debug|Any CPU
		{24E1D60B-B70B-4AD6-8395-E062F05C4839}.Debug|Any CPU.Build.0 = Debug|Any CPU
		{24E1D60B-B70B-4AD6-8395-E062F05C4839}.Release|Any CPU.ActiveCfg = Release|Any CPU
		{24E1D60B-B70B-4AD6-8395-E062F05C4839}.Release|Any CPU.Build.0 = Release|Any CPU
		{B90BA46F-E24A-410F-86DE-6A2FD4565545}.Debug|Any CPU.ActiveCfg = Debug|Any CPU
		{B90BA46F-E24A-410F-86DE-6A2FD4565545}.Debug|Any CPU.Build.0 = Debug|Any CPU
		{B90BA46F-E24A-410F-86DE-6A2FD4565545}.Release|Any CPU.ActiveCfg = Release|Any CPU
		{B90BA46F-E24A-410F-86DE-6A2FD4565545}.Release|Any CPU.Build.0 = Release|Any CPU
		{E51EE93E-32A1-4695-8E58-642BF4289F10}.Debug|Any CPU.ActiveCfg = Debug|Any CPU
		{E51EE93E-32A1-4695-8E58-642BF4289F10}.Debug|Any CPU.Build.0 = Debug|Any CPU
		{E51EE93E-32A1-4695-8E58-642BF4289F10}.Release|Any CPU.ActiveCfg = Release|Any CPU
		{E51EE93E-32A1-4695-8E58-642BF4289F10}.Release|Any CPU.Build.0 = Release|Any CPU
		{56A8C261-90DB-4DC3-B90D-48E2BD7F1E70}.Debug|Any CPU.ActiveCfg = Debug|Any CPU
		{56A8C261-90DB-4DC3-B90D-48E2BD7F1E70}.Debug|Any CPU.Build.0 = Debug|Any CPU
		{56A8C261-90DB-4DC3-B90D-48E2BD7F1E70}.Release|Any CPU.ActiveCfg = Release|Any CPU
		{56A8C261-90DB-4DC3-B90D-48E2BD7F1E70}.Release|Any CPU.Build.0 = Release|Any CPU
	EndGlobalSection
	GlobalSection(SolutionProperties) = preSolution
		HideSolutionNode = FALSE
	EndGlobalSection
	GlobalSection(NestedProjects) = preSolution
		{ADB0BD10-20BB-4682-8833-50530E9CBBCC} = {3AF53BEA-A7F1-41D0-BBDC-76CFB52564B5}
		{5B853EE0-E4D3-46E6-876C-55984C59FAA3} = {3AF53BEA-A7F1-41D0-BBDC-76CFB52564B5}
		{63B6EBA2-D166-46BA-B1D7-30FD0BBE9579} = {DCBE1805-A2C8-4C19-A2F2-FACFD412A37A}
		{1581BB27-4BAA-41D5-8E0B-5F78FF751F07} = {DCBE1805-A2C8-4C19-A2F2-FACFD412A37A}
		{24E1D60B-B70B-4AD6-8395-E062F05C4839} = {DCBE1805-A2C8-4C19-A2F2-FACFD412A37A}
		{B90BA46F-E24A-410F-86DE-6A2FD4565545} = {072DE8E0-B860-440F-9270-8313180B6F7D}
		{56A8C261-90DB-4DC3-B90D-48E2BD7F1E70} = {3AF53BEA-A7F1-41D0-BBDC-76CFB52564B5}
	EndGlobalSection
	GlobalSection(ExtensibilityGlobals) = postSolution
		SolutionGuid = {49A28C7E-6230-4ED0-A6FB-32D1388A3BD7}
	EndGlobalSection
EndGlobal
